
Microsoft Visual Studio Solution File, Format Version 12.00
# Visual Studio Version 17
VisualStudioVersion = 17.9.34723.18
MinimumVisualStudioVersion = 10.0.40219.1
Project("{FAE04EC0-301F-11D3-BF4B-00C04F79EFBC}") = "LoopingDemo200424", "LoopingDemo200424.csproj", "{92BCCB2D-9F32-48EE-8991-310B28AD2111}"
EndProject
Global
	GlobalSection(SolutionConfigurationPlatforms) = preSolution
		Debug|Any CPU = Debug|Any CPU
		Release|Any CPU = Release|Any CPU
	EndGlobalSection
	GlobalSection(ProjectConfigurationPlatforms) = postSolution
		{92BCCB2D-9F32-48EE-8991-310B28AD2111}.Debug|Any CPU.ActiveCfg = Debug|Any CPU
		{92BCCB2D-9F32-48EE-8991-310B28AD2111}.Debug|Any CPU.Build.0 = Debug|Any CPU
		{92BCCB2D-9F32-48EE-8991-310B28AD2111}.Release|Any CPU.ActiveCfg = Release|Any CPU
		{92BCCB2D-9F32-48EE-8991-310B28AD2111}.Release|Any CPU.Build.0 = Release|Any CPU
	EndGlobalSection
	GlobalSection(SolutionProperties) = preSolution
		HideSolutionNode = FALSE
	EndGlobalSection
	GlobalSection(ExtensibilityGlobals) = postSolution
		SolutionGuid = {05A135F0-29E8-4058-8434-7F697DA2D064}
	EndGlobalSection
EndGlobal
